<?xml version="1.0" encoding="utf-8"?>
<Project ToolsVersion="4.0" xmlns="http://schemas.microsoft.com/developer/msbuild/2003">
  <ItemGroup>
    <Filter Include="Source Files">
      <UniqueIdentifier>{4FC737F1-C7A5-4376-A066-2A32D752A2FF}</UniqueIdentifier>
      <Extensions>cpp;c;cc;cxx;c++;cppm;ixx;def;odl;idl;hpj;bat;asm;asmx</Extensions>
    </Filter>
    <Filter Include="Header Files">
      <UniqueIdentifier>{93995380-89BD-4b04-88EB-625FBE52EBFB}</UniqueIdentifier>
      <Extensions>h;hh;hpp;hxx;h++;hm;inl;inc;ipp;xsd</Extensions>
    </Filter>
    <Filter Include="Resource Files">
      <UniqueIdentifier>{67DA6AB6-F800-4c08-8B7A-83BB121AAD01}</UniqueIdentifier>
      <Extensions>rc;ico;cur;bmp;dlg;rc2;rct;bin;rgs;gif;jpg;jpeg;jpe;resx;tiff;tif;png;wav;mfcribbon-ms</Extensions>
    </Filter>
  </ItemGroup>
  <ItemGroup>
    <ClCompile Include="Main.cpp">
      <Filter>Source Files</Filter>
    </ClCompile>
    <ClCompile Include="Player.cpp">
      <Filter>Source Files</Filter>
    </ClCompile>
    <ClCompile Include="Weapon.cpp">
      <Filter>Source Files</Filter>
    </ClCompile>
    <ClCompile Include="FragileSword.cpp">
      <Filter>Source Files</Filter>
    </ClCompile>
    <ClCompile Include="Monster.cpp">
      <Filter>Source Files</Filter>
    </ClCompile>
    <ClCompile Include="Goblin.cpp">
      <Filter>Source Files</Filter>
    </ClCompile>
    <ClCompile Include="Item.cpp">
      <Filter>Source Files</Filter>
    </ClCompile>
    <ClCompile Include="StoneHammer.cpp">
      <Filter>Source Files</Filter>
    </ClCompile>
    <ClCompile Include="Food.cpp">
      <Filter>Source Files</Filter>
    </ClCompile>
    <ClCompile Include="Apple.cpp">
      <Filter>Source Files</Filter>
    </ClCompile>
    <ClCompile Include="Treasure.cpp">
      <Filter>Source Files</Filter>
    </ClCompile>
    <ClCompile Include="Make.cpp">
      <Filter>Source Files</Filter>
    </ClCompile>
    <ClCompile Include="Pie.cpp">
      <Filter>Source Files</Filter>
    </ClCompile>
    <ClCompile Include="EnergyDrink.cpp">
      <Filter>Source Files</Filter>
    </ClCompile>
    <ClCompile Include="FireSword.cpp">
      <Filter>Source Files</Filter>
    </ClCompile>
    <ClCompile Include="PoisonDaggers.cpp">
      <Filter>Source Files</Filter>
    </ClCompile>
    <ClCompile Include="NatureAxe.cpp">
      <Filter>Source Files</Filter>
    </ClCompile>
    <ClCompile Include="DeathScythe.cpp">
      <Filter>Source Files</Filter>
    </ClCompile>
    <ClCompile Include="Dice.cpp">
      <Filter>Source Files</Filter>
    </ClCompile>
    <ClCompile Include="Golem.cpp">
      <Filter>Source Files</Filter>
    </ClCompile>
    <ClCompile Include="GrimReaper.cpp">
      <Filter>Source Files</Filter>
    </ClCompile>
    <ClCompile Include="Dragon.cpp">
      <Filter>Source Files</Filter>
    </ClCompile>
    <ClCompile Include="SnakeSerpent.cpp">
      <Filter>Source Files</Filter>
    </ClCompile>
    <ClCompile Include="ArmoredGuardian.cpp">
      <Filter>Source Files</Filter>
    </ClCompile>
    <ClCompile Include="PhantomPepper.cpp">
      <Filter>Source Files</Filter>
    </ClCompile>
    <ClCompile Include="StrengthSyringe.cpp">
      <Filter>Source Files</Filter>
    </ClCompile>
    <ClCompile Include="ReflexJuice.cpp">
      <Filter>Source Files</Filter>
    </ClCompile>
    <ClCompile Include="SpeedSteak.cpp">
      <Filter>Source Files</Filter>
    </ClCompile>
    <ClCompile Include="EnergyPotion.cpp">
      <Filter>Source Files</Filter>
    </ClCompile>
    <ClCompile Include="GodFruit.cpp">
      <Filter>Source Files</Filter>
    </ClCompile>
    <ClCompile Include="Cake.cpp">
      <Filter>Source Files</Filter>
    </ClCompile>
    <ClCompile Include="Titan.cpp">
      <Filter>Source Files</Filter>
    </ClCompile>
    <ClCompile Include="GodGreatsword.cpp">
      <Filter>Source Files</Filter>
    </ClCompile>
  </ItemGroup>
  <ItemGroup>
    <Text Include="player.txt">
      <Filter>Resource Files</Filter>
    </Text>
    <Text Include="inventory.txt">
      <Filter>Resource Files</Filter>
    </Text>
  </ItemGroup>
  <ItemGroup>
    <ClInclude Include="Player.h">
      <Filter>Header Files</Filter>
    </ClInclude>
    <ClInclude Include="ConsoleUtils.h">
      <Filter>Header Files</Filter>
    </ClInclude>
    <ClInclude Include="Weapon.h">
      <Filter>Header Files</Filter>
    </ClInclude>
    <ClInclude Include="Rarity.h">
      <Filter>Header Files</Filter>
    </ClInclude>
    <ClInclude Include="FragileSword.h">
      <Filter>Header Files</Filter>
    </ClInclude>
    <ClInclude Include="Monster.h">
      <Filter>Header Files</Filter>
    </ClInclude>
    <ClInclude Include="Goblin.h">
      <Filter>Header Files</Filter>
    </ClInclude>
    <ClInclude Include="Item.h">
      <Filter>Header Files</Filter>
    </ClInclude>
    <ClInclude Include="I_Printable.h">
      <Filter>Header Files</Filter>
    </ClInclude>
    <ClInclude Include="RandomNumber.h">
      <Filter>Header Files</Filter>
    </ClInclude>
    <ClInclude Include="StoneHammer.h">
      <Filter>Header Files</Filter>
    </ClInclude>
    <ClInclude Include="Food.h">
      <Filter>Header Files</Filter>
    </ClInclude>
    <ClInclude Include="Apple.h">
      <Filter>Header Files</Filter>
    </ClInclude>
    <ClInclude Include="Treasure.h">
      <Filter>Header Files</Filter>
    </ClInclude>
    <ClInclude Include="Delay.h">
      <Filter>Header Files</Filter>
    </ClInclude>
    <ClInclude Include="Make.h">
      <Filter>Header Files</Filter>
    </ClInclude>
    <ClInclude Include="Pie.h">
      <Filter>Header Files</Filter>
    </ClInclude>
    <ClInclude Include="EnergyDrink.h">
      <Filter>Header Files</Filter>
    </ClInclude>
    <ClInclude Include="FireSword.h">
      <Filter>Header Files</Filter>
    </ClInclude>
    <ClInclude Include="PoisonDaggers.h">
      <Filter>Header Files</Filter>
    </ClInclude>
    <ClInclude Include="NatureAxe.h">
      <Filter>Header Files</Filter>
    </ClInclude>
    <ClInclude Include="DeathScythe.h">
      <Filter>Header Files</Filter>
    </ClInclude>
    <ClInclude Include="Dice.h">
      <Filter>Header Files</Filter>
    </ClInclude>
    <ClInclude Include="Golem.h">
      <Filter>Header Files</Filter>
    </ClInclude>
    <ClInclude Include="GrimReaper.h">
      <Filter>Header Files</Filter>
    </ClInclude>
    <ClInclude Include="Dragon.h">
      <Filter>Header Files</Filter>
    </ClInclude>
    <ClInclude Include="SnakeSerpent.h">
      <Filter>Header Files</Filter>
    </ClInclude>
    <ClInclude Include="ArmoredGuardian.h">
      <Filter>Header Files</Filter>
    </ClInclude>
    <ClInclude Include="PhantomPepper.h">
      <Filter>Header Files</Filter>
    </ClInclude>
    <ClInclude Include="StrengthSyringe.h">
      <Filter>Header Files</Filter>
    </ClInclude>
    <ClInclude Include="ReflexJuice.h">
      <Filter>Header Files</Filter>
    </ClInclude>
    <ClInclude Include="SpeedSteak.h">
      <Filter>Header Files</Filter>
    </ClInclude>
    <ClInclude Include="EnergyPotion.h">
      <Filter>Header Files</Filter>
    </ClInclude>
    <ClInclude Include="GodFruit.h">
      <Filter>Header Files</Filter>
    </ClInclude>
    <ClInclude Include="Cake.h">
      <Filter>Header Files</Filter>
    </ClInclude>
    <ClInclude Include="Titan.h">
      <Filter>Header Files</Filter>
    </ClInclude>
    <ClInclude Include="GodGreatsword.h">
      <Filter>Header Files</Filter>
    </ClInclude>
  </ItemGroup>
</Project>